
Microsoft Visual Studio Solution File, Format Version 12.00
# Visual Studio 15
VisualStudioVersion = 15.0.27703.2042
MinimumVisualStudioVersion = 10.0.40219.1
Project("{FAE04EC0-301F-11D3-BF4B-00C04F79EFBC}") = "RectangleAria", "RectangleAria\RectangleAria.csproj", "{BB417C74-88DC-4C2D-9992-3823DB89F80C}"
EndProject
Project("{FAE04EC0-301F-11D3-BF4B-00C04F79EFBC}") = "AverageNumber", "AverageNumber\AverageNumber.csproj", "{FCDDC707-9E91-4ECE-A7C4-B2DD69EBA84E}"
EndProject
Project("{FAE04EC0-301F-11D3-BF4B-00C04F79EFBC}") = "PiggyBank", "PiggyBank\PiggyBank.csproj", "{73682E7C-54C4-471C-8311-D8612CE78000}"
EndProject
Project("{FAE04EC0-301F-11D3-BF4B-00C04F79EFBC}") = "Calculator", "Calculator\Calculator.csproj", "{C708BCB2-2C55-4CBA-BEA1-A99CB703FBF3}"
EndProject
Global
	GlobalSection(SolutionConfigurationPlatforms) = preSolution
		Debug|Any CPU = Debug|Any CPU
		Release|Any CPU = Release|Any CPU
	EndGlobalSection
	GlobalSection(ProjectConfigurationPlatforms) = postSolution
		{BB417C74-88DC-4C2D-9992-3823DB89F80C}.Debug|Any CPU.ActiveCfg = Debug|Any CPU
		{BB417C74-88DC-4C2D-9992-3823DB89F80C}.Debug|Any CPU.Build.0 = Debug|Any CPU
		{BB417C74-88DC-4C2D-9992-3823DB89F80C}.Release|Any CPU.ActiveCfg = Release|Any CPU
		{BB417C74-88DC-4C2D-9992-3823DB89F80C}.Release|Any CPU.Build.0 = Release|Any CPU
		{FCDDC707-9E91-4ECE-A7C4-B2DD69EBA84E}.Debug|Any CPU.ActiveCfg = Debug|Any CPU
		{FCDDC707-9E91-4ECE-A7C4-B2DD69EBA84E}.Debug|Any CPU.Build.0 = Debug|Any CPU
		{FCDDC707-9E91-4ECE-A7C4-B2DD69EBA84E}.Release|Any CPU.ActiveCfg = Release|Any CPU
		{FCDDC707-9E91-4ECE-A7C4-B2DD69EBA84E}.Release|Any CPU.Build.0 = Release|Any CPU
		{73682E7C-54C4-471C-8311-D8612CE78000}.Debug|Any CPU.ActiveCfg = Debug|Any CPU
		{73682E7C-54C4-471C-8311-D8612CE78000}.Debug|Any CPU.Build.0 = Debug|Any CPU
		{73682E7C-54C4-471C-8311-D8612CE78000}.Release|Any CPU.ActiveCfg = Release|Any CPU
		{73682E7C-54C4-471C-8311-D8612CE78000}.Release|Any CPU.Build.0 = Release|Any CPU
		{C708BCB2-2C55-4CBA-BEA1-A99CB703FBF3}.Debug|Any CPU.ActiveCfg = Debug|Any CPU
		{C708BCB2-2C55-4CBA-BEA1-A99CB703FBF3}.Debug|Any CPU.Build.0 = Debug|Any CPU
		{C708BCB2-2C55-4CBA-BEA1-A99CB703FBF3}.Release|Any CPU.ActiveCfg = Release|Any CPU
		{C708BCB2-2C55-4CBA-BEA1-A99CB703FBF3}.Release|Any CPU.Build.0 = Release|Any CPU
	EndGlobalSection
	GlobalSection(SolutionProperties) = preSolution
		HideSolutionNode = FALSE
	EndGlobalSection
	GlobalSection(ExtensibilityGlobals) = postSolution
		SolutionGuid = {613FBB3F-95EF-4412-A023-DC5C3E3A1338}
	EndGlobalSection
EndGlobal
